// !$*UTF8*$!
{
	archiveVersion = 1;
	classes = {
	};
	objectVersion = 56;
	objects = {

/* Begin PBXBuildFile section */
		0438164B29B1836B004CEF59 /* extension.swift in Sources */ = {isa = PBXBuildFile; fileRef = 0438164A29B1836B004CEF59 /* extension.swift */; };
		0438164E29B19940004CEF59 /* prints.swift in Sources */ = {isa = PBXBuildFile; fileRef = 0438164D29B19940004CEF59 /* prints.swift */; };
		04CBC1D729AD9F200063A981 /* main.swift in Sources */ = {isa = PBXBuildFile; fileRef = 04CBC1D629AD9F200063A981 /* main.swift */; };
		04CBC1E229ADA5CC0063A981 /* stores.swift in Sources */ = {isa = PBXBuildFile; fileRef = 04CBC1E129ADA5CC0063A981 /* stores.swift */; };
/* End PBXBuildFile section */

/* Begin PBXCopyFilesBuildPhase section */
		04CBC1D129AD9F200063A981 /* CopyFiles */ = {
			isa = PBXCopyFilesBuildPhase;
			buildActionMask = 2147483647;
			dstPath = /usr/share/man/man1/;
			dstSubfolderSpec = 0;
			files = (
			);
			runOnlyForDeploymentPostprocessing = 1;
		};
/* End PBXCopyFilesBuildPhase section */

/* Begin PBXFileReference section */
		0438164A29B1836B004CEF59 /* extension.swift */ = {isa = PBXFileReference; lastKnownFileType = sourcecode.swift; path = extension.swift; sourceTree = "<group>"; };
		0438164D29B19940004CEF59 /* prints.swift */ = {isa = PBXFileReference; lastKnownFileType = sourcecode.swift; path = prints.swift; sourceTree = "<group>"; };
		04CBC1D329AD9F200063A981 /* 0706012110013-MARCELL_JEREMY_WIRADINATA-AFL1 */ = {isa = PBXFileReference; explicitFileType = "compiled.mach-o.executable"; includeInIndex = 0; path = "0706012110013-MARCELL_JEREMY_WIRADINATA-AFL1"; sourceTree = BUILT_PRODUCTS_DIR; };
		04CBC1D629AD9F200063A981 /* main.swift */ = {isa = PBXFileReference; lastKnownFileType = sourcecode.swift; path = main.swift; sourceTree = "<group>"; };
		04CBC1E129ADA5CC0063A981 /* stores.swift */ = {isa = PBXFileReference; lastKnownFileType = sourcecode.swift; path = stores.swift; sourceTree = "<group>"; };
/* End PBXFileReference section */

/* Begin PBXFrameworksBuildPhase section */
		04CBC1D029AD9F200063A981 /* Frameworks */ = {
			isa = PBXFrameworksBuildPhase;
			buildActionMask = 2147483647;
			files = (
			);
			runOnlyForDeploymentPostprocessing = 0;
		};
/* End PBXFrameworksBuildPhase section */

/* Begin PBXGroup section */
		0438164929B1811E004CEF59 /* extension */ = {
			isa = PBXGroup;
			children = (
				0438164A29B1836B004CEF59 /* extension.swift */,
			);
			path = extension;
			sourceTree = "<group>";
		};
		0438164C29B1992F004CEF59 /* prints */ = {
			isa = PBXGroup;
			children = (
				0438164D29B19940004CEF59 /* prints.swift */,
			);
			path = prints;
			sourceTree = "<group>";
		};
		04CBC1CA29AD9F200063A981 = {
			isa = PBXGroup;
			children = (
				04CBC1D529AD9F200063A981 /* 0706012110013-MARCELL_JEREMY_WIRADINATA-AFL1 */,
				04CBC1D429AD9F200063A981 /* Products */,
			);
			sourceTree = "<group>";
		};
		04CBC1D429AD9F200063A981 /* Products */ = {
			isa = PBXGroup;
			children = (
				04CBC1D329AD9F200063A981 /* 0706012110013-MARCELL_JEREMY_WIRADINATA-AFL1 */,
			);
			name = Products;
			sourceTree = "<group>";
		};
		04CBC1D529AD9F200063A981 /* 0706012110013-MARCELL_JEREMY_WIRADINATA-AFL1 */ = {
			isa = PBXGroup;
			children = (
				0438164C29B1992F004CEF59 /* prints */,
				0438164929B1811E004CEF59 /* extension */,
				04CBC1DE29ADA4460063A981 /* struct */,
				04CBC1D629AD9F200063A981 /* main.swift */,
			);
			path = "0706012110013-MARCELL_JEREMY_WIRADINATA-AFL1";
			sourceTree = "<group>";
		};
		04CBC1DE29ADA4460063A981 /* struct */ = {
			isa = PBXGroup;
			children = (
				04CBC1E129ADA5CC0063A981 /* stores.swift */,
			);
			path = struct;
			sourceTree = "<group>";
		};
/* End PBXGroup section */

/* Begin PBXNativeTarget section */
		04CBC1D229AD9F200063A981 /* 0706012110013-MARCELL_JEREMY_WIRADINATA-AFL1 */ = {
			isa = PBXNativeTarget;
			buildConfigurationList = 04CBC1DA29AD9F200063A981 /* Build configuration list for PBXNativeTarget "0706012110013-MARCELL_JEREMY_WIRADINATA-AFL1" */;
			buildPhases = (
				04CBC1CF29AD9F200063A981 /* Sources */,
				04CBC1D029AD9F200063A981 /* Frameworks */,
				04CBC1D129AD9F200063A981 /* CopyFiles */,
			);
			buildRules = (
			);
			dependencies = (
			);
			name = "0706012110013-MARCELL_JEREMY_WIRADINATA-AFL1";
			productName = "0706012110013-MARCELL_JEREMY_WIRADINATA-AFL1";
			productReference = 04CBC1D329AD9F200063A981 /* 0706012110013-MARCELL_JEREMY_WIRADINATA-AFL1 */;
			productType = "com.apple.product-type.tool";
		};
/* End PBXNativeTarget section */

/* Begin PBXProject section */
		04CBC1CB29AD9F200063A981 /* Project object */ = {
			isa = PBXProject;
			attributes = {
				BuildIndependentTargetsInParallel = 1;
				LastSwiftUpdateCheck = 1420;
				LastUpgradeCheck = 1420;
				TargetAttributes = {
					04CBC1D229AD9F200063A981 = {
						CreatedOnToolsVersion = 14.2;
					};
				};
			};
			buildConfigurationList = 04CBC1CE29AD9F200063A981 /* Build configuration list for PBXProject "0706012110013-MARCELL_JEREMY_WIRADINATA-AFL1" */;
			compatibilityVersion = "Xcode 14.0";
			developmentRegion = en;
			hasScannedForEncodings = 0;
			knownRegions = (
				en,
				Base,
			);
			mainGroup = 04CBC1CA29AD9F200063A981;
			productRefGroup = 04CBC1D429AD9F200063A981 /* Products */;
			projectDirPath = "";
			projectRoot = "";
			targets = (
				04CBC1D229AD9F200063A981 /* 0706012110013-MARCELL_JEREMY_WIRADINATA-AFL1 */,
			);
		};
/* End PBXProject section */

/* Begin PBXSourcesBuildPhase section */
		04CBC1CF29AD9F200063A981 /* Sources */ = {
			isa = PBXSourcesBuildPhase;
			buildActionMask = 2147483647;
			files = (
				0438164B29B1836B004CEF59 /* extension.swift in Sources */,
				04CBC1D729AD9F200063A981 /* main.swift in Sources */,
				04CBC1E229ADA5CC0063A981 /* stores.swift in Sources */,
				0438164E29B19940004CEF59 /* prints.swift in Sources */,
			);
			runOnlyForDeploymentPostprocessing = 0;
		};
/* End PBXSourcesBuildPhase section */

/* Begin XCBuildConfiguration section */
		04CBC1D829AD9F200063A981 /* Debug */ = {
			isa = XCBuildConfiguration;
			buildSettings = {
				ALWAYS_SEARCH_USER_PATHS = NO;
				CLANG_ANALYZER_NONNULL = YES;
				CLANG_ANALYZER_NUMBER_OBJECT_CONVERSION = YES_AGGRESSIVE;
				CLANG_CXX_LANGUAGE_STANDARD = "gnu++20";
				CLANG_ENABLE_MODULES = YES;
				CLANG_ENABLE_OBJC_ARC = YES;
				CLANG_ENABLE_OBJC_WEAK = YES;
				CLANG_WARN_BLOCK_CAPTURE_AUTORELEASING = YES;
				CLANG_WARN_BOOL_CONVERSION = YES;
				CLANG_WARN_COMMA = YES;
				CLANG_WARN_CONSTANT_CONVERSION = YES;
				CLANG_WARN_DEPRECATED_OBJC_IMPLEMENTATIONS = YES;
				CLANG_WARN_DIRECT_OBJC_ISA_USAGE = YES_ERROR;
				CLANG_WARN_DOCUMENTATION_COMMENTS = YES;
				CLANG_WARN_EMPTY_BODY = YES;
				CLANG_WARN_ENUM_CONVERSION = YES;
				CLANG_WARN_INFINITE_RECURSION = YES;
				CLANG_WARN_INT_CONVERSION = YES;
				CLANG_WARN_NON_LITERAL_NULL_CONVERSION = YES;
				CLANG_WARN_OBJC_IMPLICIT_RETAIN_SELF = YES;
				CLANG_WARN_OBJC_LITERAL_CONVERSION = YES;
				CLANG_WARN_OBJC_ROOT_CLASS = YES_ERROR;
				CLANG_WARN_QUOTED_INCLUDE_IN_FRAMEWORK_HEADER = YES;
				CLANG_WARN_RANGE_LOOP_ANALYSIS = YES;
				CLANG_WARN_STRICT_PROTOTYPES = YES;
				CLANG_WARN_SUSPICIOUS_MOVE = YES;
				CLANG_WARN_UNGUARDED_AVAILABILITY = YES_AGGRESSIVE;
				CLANG_WARN_UNREACHABLE_CODE = YES;
				CLANG_WARN__DUPLICATE_METHOD_MATCH = YES;
				COPY_PHASE_STRIP = NO;
				DEBUG_INFORMATION_FORMAT = dwarf;
				ENABLE_STRICT_OBJC_MSGSEND = YES;
				ENABLE_TESTABILITY = YES;
				GCC_C_LANGUAGE_STANDARD = gnu11;
				GCC_DYNAMIC_NO_PIC = NO;
				GCC_NO_COMMON_BLOCKS = YES;
				GCC_OPTIMIZATION_LEVEL = 0;
				GCC_PREPROCESSOR_DEFINITIONS = (
					"DEBUG=1",
					"$(inherited)",
				);
				GCC_WARN_64_TO_32_BIT_CONVERSION = YES;
				GCC_WARN_ABOUT_RETURN_TYPE = YES_ERROR;
				GCC_WARN_UNDECLARED_SELECTOR = YES;
				GCC_WARN_UNINITIALIZED_AUTOS = YES_AGGRESSIVE;
				GCC_WARN_UNUSED_FUNCTION = YES;
				GCC_WARN_UNUSED_VARIABLE = YES;
				MACOSX_DEPLOYMENT_TARGET = 13.1;
				MTL_ENABLE_DEBUG_INFO = INCLUDE_SOURCE;
				MTL_FAST_MATH = YES;
				ONLY_ACTIVE_ARCH = YES;
				SDKROOT = macosx;
				SWIFT_ACTIVE_COMPILATION_CONDITIONS = DEBUG;
				SWIFT_OPTIMIZATION_LEVEL = "-Onone";
			};
			name = Debug;
		};
		04CBC1D929AD9F200063A981 /* Release */ = {
			isa = XCBuildConfiguration;
			buildSettings = {
				ALWAYS_SEARCH_USER_PATHS = NO;
				CLANG_ANALYZER_NONNULL = YES;
				CLANG_ANALYZER_NUMBER_OBJECT_CONVERSION = YES_AGGRESSIVE;
				CLANG_CXX_LANGUAGE_STANDARD = "gnu++20";
				CLANG_ENABLE_MODULES = YES;
				CLANG_ENABLE_OBJC_ARC = YES;
				CLANG_ENABLE_OBJC_WEAK = YES;
				CLANG_WARN_BLOCK_CAPTURE_AUTORELEASING = YES;
				CLANG_WARN_BOOL_CONVERSION = YES;
				CLANG_WARN_COMMA = YES;
				CLANG_WARN_CONSTANT_CONVERSION = YES;
				CLANG_WARN_DEPRECATED_OBJC_IMPLEMENTATIONS = YES;
				CLANG_WARN_DIRECT_OBJC_ISA_USAGE = YES_ERROR;
				CLANG_WARN_DOCUMENTATION_COMMENTS = YES;
				CLANG_WARN_EMPTY_BODY = YES;
				CLANG_WARN_ENUM_CONVERSION = YES;
				CLANG_WARN_INFINITE_RECURSION = YES;
				CLANG_WARN_INT_CONVERSION = YES;
				CLANG_WARN_NON_LITERAL_NULL_CONVERSION = YES;
				CLANG_WARN_OBJC_IMPLICIT_RETAIN_SELF = YES;
				CLANG_WARN_OBJC_LITERAL_CONVERSION = YES;
				CLANG_WARN_OBJC_ROOT_CLASS = YES_ERROR;
				CLANG_WARN_QUOTED_INCLUDE_IN_FRAMEWORK_HEADER = YES;
				CLANG_WARN_RANGE_LOOP_ANALYSIS = YES;
				CLANG_WARN_STRICT_PROTOTYPES = YES;
				CLANG_WARN_SUSPICIOUS_MOVE = YES;
				CLANG_WARN_UNGUARDED_AVAILABILITY = YES_AGGRESSIVE;
				CLANG_WARN_UNREACHABLE_CODE = YES;
				CLANG_WARN__DUPLICATE_METHOD_MATCH = YES;
				COPY_PHASE_STRIP = NO;
				DEBUG_INFORMATION_FORMAT = "dwarf-with-dsym";
				ENABLE_NS_ASSERTIONS = NO;
				ENABLE_STRICT_OBJC_MSGSEND = YES;
				GCC_C_LANGUAGE_STANDARD = gnu11;
				GCC_NO_COMMON_BLOCKS = YES;
				GCC_WARN_64_TO_32_BIT_CONVERSION = YES;
				GCC_WARN_ABOUT_RETURN_TYPE = YES_ERROR;
				GCC_WARN_UNDECLARED_SELECTOR = YES;
				GCC_WARN_UNINITIALIZED_AUTOS = YES_AGGRESSIVE;
				GCC_WARN_UNUSED_FUNCTION = YES;
				GCC_WARN_UNUSED_VARIABLE = YES;
				MACOSX_DEPLOYMENT_TARGET = 13.1;
				MTL_ENABLE_DEBUG_INFO = NO;
				MTL_FAST_MATH = YES;
				SDKROOT = macosx;
				SWIFT_COMPILATION_MODE = wholemodule;
				SWIFT_OPTIMIZATION_LEVEL = "-O";
			};
			name = Release;
		};
		04CBC1DB29AD9F200063A981 /* Debug */ = {
			isa = XCBuildConfiguration;
			buildSettings = {
				CODE_SIGN_STYLE = Automatic;
				DEVELOPMENT_TEAM = 8827RTH7WA;
				ENABLE_HARDENED_RUNTIME = YES;
				PRODUCT_NAME = "$(TARGET_NAME)";
				SWIFT_VERSION = 5.0;
			};
			name = Debug;
		};
		04CBC1DC29AD9F200063A981 /* Release */ = {
			isa = XCBuildConfiguration;
			buildSettings = {
				CODE_SIGN_STYLE = Automatic;
				DEVELOPMENT_TEAM = 8827RTH7WA;
				ENABLE_HARDENED_RUNTIME = YES;
				PRODUCT_NAME = "$(TARGET_NAME)";
				SWIFT_VERSION = 5.0;
			};
			name = Release;
		};
/* End XCBuildConfiguration section */

/* Begin XCConfigurationList section */
		04CBC1CE29AD9F200063A981 /* Build configuration list for PBXProject "0706012110013-MARCELL_JEREMY_WIRADINATA-AFL1" */ = {
			isa = XCConfigurationList;
			buildConfigurations = (
				04CBC1D829AD9F200063A981 /* Debug */,
				04CBC1D929AD9F200063A981 /* Release */,
			);
			defaultConfigurationIsVisible = 0;
			defaultConfigurationName = Release;
		};
		04CBC1DA29AD9F200063A981 /* Build configuration list for PBXNativeTarget "0706012110013-MARCELL_JEREMY_WIRADINATA-AFL1" */ = {
			isa = XCConfigurationList;
			buildConfigurations = (
				04CBC1DB29AD9F200063A981 /* Debug */,
				04CBC1DC29AD9F200063A981 /* Release */,
			);
			defaultConfigurationIsVisible = 0;
			defaultConfigurationName = Release;
		};
/* End XCConfigurationList section */
	};
	rootObject = 04CBC1CB29AD9F200063A981 /* Project object */;
}
